
Microsoft Visual Studio Solution File, Format Version 12.00
# Visual Studio Version 17
VisualStudioVersion = 17.4.33213.308
MinimumVisualStudioVersion = 10.0.40219.1
Project("{FAE04EC0-301F-11D3-BF4B-00C04F79EFBC}") = "SignalRDemo", "SignalRDemo\SignalRDemo.csproj", "{B0F80CA6-1292-4FD6-8351-22EFB48883F9}"
EndProject
Global
	GlobalSection(SolutionConfigurationPlatforms) = preSolution
		Debug|Any CPU = Debug|Any CPU
		Release|Any CPU = Release|Any CPU
	EndGlobalSection
	GlobalSection(ProjectConfigurationPlatforms) = postSolution
		{B0F80CA6-1292-4FD6-8351-22EFB48883F9}.Debug|Any CPU.ActiveCfg = Debug|Any CPU
		{B0F80CA6-1292-4FD6-8351-22EFB48883F9}.Debug|Any CPU.Build.0 = Debug|Any CPU
		{B0F80CA6-1292-4FD6-8351-22EFB48883F9}.Release|Any CPU.ActiveCfg = Release|Any CPU
		{B0F80CA6-1292-4FD6-8351-22EFB48883F9}.Release|Any CPU.Build.0 = Release|Any CPU
	EndGlobalSection
	GlobalSection(SolutionProperties) = preSolution
		HideSolutionNode = FALSE
	EndGlobalSection
	GlobalSection(ExtensibilityGlobals) = postSolution
		SolutionGuid = {8474B4AB-3D69-48ED-969D-3183B94921F6}
	EndGlobalSection
EndGlobal
